# THIS IS AN AUTOGENERATED FILE. DO NOT EDIT THIS FILE DIRECTLY.
# yarn lockfile v1


react-awesome-slider@^4.1.0:
  version "4.1.0"
  resolved "https://registry.yarnpkg.com/react-awesome-slider/-/react-awesome-slider-4.1.0.tgz#6a800300cb3edd556d2388090f65ac731467639a"
  integrity sha512-cbPI1MTpVLKbEH6gf9bwtJb8Ja6R/YJonKbUQehfq2B2AAJkgDMeHntaa4SgGCRqWd55xKiT+CkjfKau1QRsKw==
  dependencies:
    web-animation-club "^0.6.0"

web-animation-club@^0.6.0:
  version "0.6.0"
  resolved "https://registry.yarnpkg.com/web-animation-club/-/web-animation-club-0.6.0.tgz#c1dd79646b21e4265b5f95ae9cb8b93b73e05e47"
  integrity sha512-9W+EQu1HiaPLe/7WZlhJ2ULqQ4VL80RPDYW+ZcjfTKp6ayOuT1k3SVO6+tu0VBRmOqueJ/mrG+rjjInIv8Aglg==
